PODS:
  - Flutter (1.0.0)
  - openpay_flutter (0.0.1):
    - Flutter

DEPENDENCIES:
  - Flutter (from `.symlinks/flutter/ios`)
  - openpay_flutter (from `.symlinks/plugins/openpay_flutter/ios`)

EXTERNAL SOURCES:
  Flutter:
    :path: ".symlinks/flutter/ios"
  openpay_flutter:
    :path: ".symlinks/plugins/openpay_flutter/ios"

SPEC CHECKSUMS:
  Flutter: 58dd7d1b27887414a370fcccb9e645c08ffd7a6a
  openpay_flutter: 99d0a4ba0dd8fe2e6b330eef40b0d64903241345

PODFILE CHECKSUM: b6a0a141693093b304368d08511b46cf3d1d0ac5

COCOAPODS: 1.6.1
